// !$*UTF8*$!
{ archiveVersion = 1; classes = {}; objectVersion = 56; objects = {
DB21E70DE0F0C2706F63F0F3 = { isa = PBXFileReference; lastKnownFileType = sourcecode.swift; path = "Sources/App/AppointmentSchedulerApp.swift"; sourceTree = "<group>"; };
F04C1250FB29005D825519FF = { isa = PBXBuildFile; fileRef = DB21E70DE0F0C2706F63F0F3; };
B585CD76961037C26427E84D = { isa = PBXFileReference; lastKnownFileType = sourcecode.swift; path = "Sources/App/ScheduleStore.swift"; sourceTree = "<group>"; };
46E589C704747CF10A0A993E = { isa = PBXBuildFile; fileRef = B585CD76961037C26427E84D; };
F7A839A2B7E46EBABF7D9D43 = { isa = PBXFileReference; lastKnownFileType = sourcecode.swift; path = "Sources/Core/Appointment.swift"; sourceTree = "<group>"; };
7F8ACE9A8B06D567F101CBEC = { isa = PBXBuildFile; fileRef = F7A839A2B7E46EBABF7D9D43; };
3685E330EC5277A9DD5661C6 = { isa = PBXFileReference; lastKnownFileType = folder.assetcatalog; path = Resources/Assets.xcassets; sourceTree = "<group>"; };
CF8A4D27E1C506A7C75A76BE = { isa = PBXBuildFile; fileRef = 3685E330EC5277A9DD5661C6; };
38A007151ABE87CC01A5B6E9 = { isa = PBXFileReference; explicitFileType = wrapper.application; path = "Appointment Scheduler.app"; sourceTree = BUILT_PRODUCTS_DIR; };
FBDC4F23F93125BBEEAE800C = { isa = PBXGroup; children = (38A007151ABE87CC01A5B6E9); name = Products; sourceTree = "<group>"; };
64292B1C2B2E13EAD8788FC8 = { isa = PBXGroup; children = (DB21E70DE0F0C2706F63F0F3, B585CD76961037C26427E84D, F7A839A2B7E46EBABF7D9D43, 3685E330EC5277A9DD5661C6, FBDC4F23F93125BBEEAE800C); sourceTree = "<group>"; };
BCE16DD0260827ECF338C787 = { isa = PBXSourcesBuildPhase; buildActionMask = 2147483647; files = (F04C1250FB29005D825519FF, 46E589C704747CF10A0A993E, 7F8ACE9A8B06D567F101CBEC); runOnlyForDeploymentPostprocessing = 0; };
0189424A5A60FED329FA868E = { isa = PBXResourcesBuildPhase; buildActionMask = 2147483647; files = (CF8A4D27E1C506A7C75A76BE); runOnlyForDeploymentPostprocessing = 0; };
7561BFB015D8F536760CB671 = { isa = PBXFrameworksBuildPhase; buildActionMask = 2147483647; files = (); runOnlyForDeploymentPostprocessing = 0; };
9A3C1EE301EC9F46B8FCBBBB = { isa = XCBuildConfiguration; buildSettings = {"CLANG_ENABLE_MODULES" = "YES"; "CLANG_ENABLE_OBJC_ARC" = "YES"; "SWIFT_VERSION" = "5.0"; "SWIFT_OPTIMIZATION_LEVEL" = "-Onone"; "DEBUG_INFORMATION_FORMAT" = "dwarf"; "ENABLE_TESTABILITY" = "YES"; "SWIFT_ACTIVE_COMPILATION_CONDITIONS" = "DEBUG";}; name = Debug; };
A8288EAD101D3680C2AC7BC8 = { isa = XCBuildConfiguration; buildSettings = {"PRODUCT_NAME" = "Appointment Scheduler"; "PRODUCT_BUNDLE_IDENTIFIER" = "com.dd.appointmentscheduler"; "CURRENT_PROJECT_VERSION" = "1"; "MARKETING_VERSION" = "1.0"; "GENERATE_INFOPLIST_FILE" = "YES"; "INFOPLIST_KEY_CFBundleDisplayName" = "Appointment Scheduler"; "INFOPLIST_KEY_LSApplicationCategoryType" = "public.app-category.productivity"; "ASSETCATALOG_COMPILER_APPICON_NAME" = "AppIcon"; "ASSETCATALOG_COMPILER_GLOBAL_ACCENT_COLOR_NAME" = "AccentColor"; "LD_RUNPATH_SEARCH_PATHS" = "$(inherited) @executable_path/Frameworks"; "ENABLE_HARDENED_RUNTIME" = "YES"; "SDKROOT" = "iphoneos"; "SUPPORTED_PLATFORMS" = "iphoneos iphonesimulator"; "IPHONEOS_DEPLOYMENT_TARGET" = "15.0"; "TARGETED_DEVICE_FAMILY" = "1,2"; "CODE_SIGN_STYLE" = "Automatic"; "INFOPLIST_KEY_UILaunchScreen_Generation" = "YES"; "INFOPLIST_KEY_UIApplicationSceneManifest_Generation" = "YES"; "INFOPLIST_KEY_UISupportedInterfaceOrientations_iPhone" = "UIInterfaceOrientationPortrait UIInterfaceOrientationLandscapeLeft UIInterfaceOrientationLandscapeRight"; "INFOPLIST_KEY_UISupportedInterfaceOrientations_iPad" = "UIInterfaceOrientationPortrait UIInterfaceOrientationPortraitUpsideDown UIInterfaceOrientationLandscapeLeft UIInterfaceOrientationLandscapeRight";}; name = Debug; };
5D4AE94DA0B27833AE568E9C = { isa = XCBuildConfiguration; buildSettings = {"CLANG_ENABLE_MODULES" = "YES"; "CLANG_ENABLE_OBJC_ARC" = "YES"; "SWIFT_VERSION" = "5.0"; "SWIFT_OPTIMIZATION_LEVEL" = "-O"; "DEBUG_INFORMATION_FORMAT" = "dwarf-with-dsym"; "ENABLE_TESTABILITY" = "NO"; "SWIFT_ACTIVE_COMPILATION_CONDITIONS" = "";}; name = Release; };
8EB64F55E62F34DE5618DACF = { isa = XCBuildConfiguration; buildSettings = {"PRODUCT_NAME" = "Appointment Scheduler"; "PRODUCT_BUNDLE_IDENTIFIER" = "com.dd.appointmentscheduler"; "CURRENT_PROJECT_VERSION" = "1"; "MARKETING_VERSION" = "1.0"; "GENERATE_INFOPLIST_FILE" = "YES"; "INFOPLIST_KEY_CFBundleDisplayName" = "Appointment Scheduler"; "INFOPLIST_KEY_LSApplicationCategoryType" = "public.app-category.productivity"; "ASSETCATALOG_COMPILER_APPICON_NAME" = "AppIcon"; "ASSETCATALOG_COMPILER_GLOBAL_ACCENT_COLOR_NAME" = "AccentColor"; "LD_RUNPATH_SEARCH_PATHS" = "$(inherited) @executable_path/Frameworks"; "ENABLE_HARDENED_RUNTIME" = "YES"; "SDKROOT" = "iphoneos"; "SUPPORTED_PLATFORMS" = "iphoneos iphonesimulator"; "IPHONEOS_DEPLOYMENT_TARGET" = "15.0"; "TARGETED_DEVICE_FAMILY" = "1,2"; "CODE_SIGN_STYLE" = "Automatic"; "INFOPLIST_KEY_UILaunchScreen_Generation" = "YES"; "INFOPLIST_KEY_UIApplicationSceneManifest_Generation" = "YES"; "INFOPLIST_KEY_UISupportedInterfaceOrientations_iPhone" = "UIInterfaceOrientationPortrait UIInterfaceOrientationLandscapeLeft UIInterfaceOrientationLandscapeRight"; "INFOPLIST_KEY_UISupportedInterfaceOrientations_iPad" = "UIInterfaceOrientationPortrait UIInterfaceOrientationPortraitUpsideDown UIInterfaceOrientationLandscapeLeft UIInterfaceOrientationLandscapeRight";}; name = Release; };
FB82D759FB6CC8BAF965A9B2 = { isa = XCConfigurationList; buildConfigurations = (9A3C1EE301EC9F46B8FCBBBB, 5D4AE94DA0B27833AE568E9C); defaultConfigurationIsVisible = 0; defaultConfigurationName = Release; };
D66B3603D80A7F0E2F08B3BC = { isa = XCConfigurationList; buildConfigurations = (A8288EAD101D3680C2AC7BC8, 8EB64F55E62F34DE5618DACF); defaultConfigurationIsVisible = 0; defaultConfigurationName = Release; };
0E8A3AD980EC179856012B7E = { isa = PBXNativeTarget; buildConfigurationList = D66B3603D80A7F0E2F08B3BC; buildPhases = (BCE16DD0260827ECF338C787, 7561BFB015D8F536760CB671, 0189424A5A60FED329FA868E); buildRules = (); dependencies = (); name = "Appointment Scheduler"; productName = "Appointment Scheduler"; productReference = 38A007151ABE87CC01A5B6E9; productType = "com.apple.product-type.application"; };
98F54143AB4E86B28C3AFEE0 = { isa = PBXProject; attributes = { LastUpgradeCheck = 1600; }; buildConfigurationList = FB82D759FB6CC8BAF965A9B2; compatibilityVersion = "Xcode 14.0"; developmentRegion = en; knownRegions = (en, Base); mainGroup = 64292B1C2B2E13EAD8788FC8; productRefGroup = FBDC4F23F93125BBEEAE800C; projectDirPath = ""; projectRoot = ""; targets = (0E8A3AD980EC179856012B7E); };
}; rootObject = 98F54143AB4E86B28C3AFEE0; }
